
Microsoft Visual Studio Solution File, Format Version 12.00
# Visual Studio Version 17
VisualStudioVersion = 17.2.32602.215
MinimumVisualStudioVersion = 10.0.40219.1
Project("{FAE04EC0-301F-11D3-BF4B-00C04F79EFBC}") = "Nc_Desafio3", "Nc_Desafio3\Nc_Desafio3.csproj", "{EE95DC01-AE7F-407F-820A-34910ED56376}"
EndProject
Global
	GlobalSection(SolutionConfigurationPlatforms) = preSolution
		Debug|Any CPU = Debug|Any CPU
		Release|Any CPU = Release|Any CPU
	EndGlobalSection
	GlobalSection(ProjectConfigurationPlatforms) = postSolution
		{EE95DC01-AE7F-407F-820A-34910ED56376}.Debug|Any CPU.ActiveCfg = Debug|Any CPU
		{EE95DC01-AE7F-407F-820A-34910ED56376}.Debug|Any CPU.Build.0 = Debug|Any CPU
		{EE95DC01-AE7F-407F-820A-34910ED56376}.Release|Any CPU.ActiveCfg = Release|Any CPU
		{EE95DC01-AE7F-407F-820A-34910ED56376}.Release|Any CPU.Build.0 = Release|Any CPU
	EndGlobalSection
	GlobalSection(SolutionProperties) = preSolution
		HideSolutionNode = FALSE
	EndGlobalSection
	GlobalSection(ExtensibilityGlobals) = postSolution
		SolutionGuid = {53044890-D6E2-4C63-8637-47123079F979}
	EndGlobalSection
EndGlobal
